// !$*UTF8*$!
{
	archiveVersion = 1;
	classes = {
	};
	objectVersion = 50;
	objects = {

/* Begin PBXBuildFile section */
		B62E9029230E9536006721E6 /* UIColor.swift in Sources */ = {isa = PBXBuildFile; fileRef = B62E9028230E9536006721E6 /* UIColor.swift */; };
		B62E902D230F46D2006721E6 /* PairCollapser.swift in Sources */ = {isa = PBXBuildFile; fileRef = B62E902C230F46D2006721E6 /* PairCollapser.swift */; };
		B69FC9182303F34900531350 /* RecordsViewController.swift in Sources */ = {isa = PBXBuildFile; fileRef = B69FC9172303F34900531350 /* RecordsViewController.swift */; };
		B69FC91A2303F36B00531350 /* Records.storyboard in Resources */ = {isa = PBXBuildFile; fileRef = B69FC9192303F36B00531350 /* Records.storyboard */; };
		B69FC91C23040ABE00531350 /* RecordTableViewCell.swift in Sources */ = {isa = PBXBuildFile; fileRef = B69FC91B23040ABE00531350 /* RecordTableViewCell.swift */; };
		B69FC920230427C600531350 /* Record.swift in Sources */ = {isa = PBXBuildFile; fileRef = B69FC91F230427C600531350 /* Record.swift */; };
		B69FC9222304300D00531350 /* RecordSaver.swift in Sources */ = {isa = PBXBuildFile; fileRef = B69FC9212304300D00531350 /* RecordSaver.swift */; };
		B6E4898F2301623900A0BC6F /* AppDelegate.swift in Sources */ = {isa = PBXBuildFile; fileRef = B6E4898E2301623900A0BC6F /* AppDelegate.swift */; };
		B6E489942301623900A0BC6F /* Main.storyboard in Resources */ = {isa = PBXBuildFile; fileRef = B6E489922301623900A0BC6F /* Main.storyboard */; };
		B6E489962301623A00A0BC6F /* Assets.xcassets in Resources */ = {isa = PBXBuildFile; fileRef = B6E489952301623A00A0BC6F /* Assets.xcassets */; };
		B6E489992301623A00A0BC6F /* LaunchScreen.storyboard in Resources */ = {isa = PBXBuildFile; fileRef = B6E489972301623A00A0BC6F /* LaunchScreen.storyboard */; };
		B6E489A42301623A00A0BC6F /* TwoInOneTests.swift in Sources */ = {isa = PBXBuildFile; fileRef = B6E489A32301623A00A0BC6F /* TwoInOneTests.swift */; };
		B6E489AF2301623A00A0BC6F /* TwoInOneUITests.swift in Sources */ = {isa = PBXBuildFile; fileRef = B6E489AE2301623A00A0BC6F /* TwoInOneUITests.swift */; };
		B6E489BD2301668600A0BC6F /* GuessingGameViewController.swift in Sources */ = {isa = PBXBuildFile; fileRef = B6E489BC2301668600A0BC6F /* GuessingGameViewController.swift */; };
		B6E489C02301972D00A0BC6F /* GuessingGameTwoViewController.swift in Sources */ = {isa = PBXBuildFile; fileRef = B6E489BE2301972D00A0BC6F /* GuessingGameTwoViewController.swift */; };
		B6FD868F230580FF00C070E5 /* MasterController.swift in Sources */ = {isa = PBXBuildFile; fileRef = B6FD868E230580FF00C070E5 /* MasterController.swift */; };
		B6FD869123093F6E00C070E5 /* MenuTableViewCell.swift in Sources */ = {isa = PBXBuildFile; fileRef = B6FD869023093F6E00C070E5 /* MenuTableViewCell.swift */; };
		B6FD8694230A9DB100C070E5 /* PairsViewController.swift in Sources */ = {isa = PBXBuildFile; fileRef = B6FD8693230A9DB100C070E5 /* PairsViewController.swift */; };
		B6FD8696230A9DC700C070E5 /* Pairs Game.storyboard in Resources */ = {isa = PBXBuildFile; fileRef = B6FD8695230A9DC700C070E5 /* Pairs Game.storyboard */; };
		B6FD8699230AA7AC00C070E5 /* MenuItem.swift in Sources */ = {isa = PBXBuildFile; fileRef = B6FD8698230AA7AC00C070E5 /* MenuItem.swift */; };
		B6FD869B230AB5BC00C070E5 /* Guessing Game.storyboard in Resources */ = {isa = PBXBuildFile; fileRef = B6FD869A230AB5BC00C070E5 /* Guessing Game.storyboard */; };
		B6FD869D230AB79C00C070E5 /* Guessing Game Two.storyboard in Resources */ = {isa = PBXBuildFile; fileRef = B6FD869C230AB79C00C070E5 /* Guessing Game Two.storyboard */; };
		B6FD869F230B480F00C070E5 /* PairCollectionViewCell.swift in Sources */ = {isa = PBXBuildFile; fileRef = B6FD869E230B480F00C070E5 /* PairCollectionViewCell.swift */; };
		B6FD86A1230B496700C070E5 /* Pair.swift in Sources */ = {isa = PBXBuildFile; fileRef = B6FD86A0230B496700C070E5 /* Pair.swift */; };
		B6FD86A4230BD4E300C070E5 /* Array.swift in Sources */ = {isa = PBXBuildFile; fileRef = B6FD86A3230BD4E300C070E5 /* Array.swift */; };
		B6FD86A9230D4FB300C070E5 /* WelcomeViewController.swift in Sources */ = {isa = PBXBuildFile; fileRef = B6FD86A8230D4FB300C070E5 /* WelcomeViewController.swift */; };
		B6FD86AB230D4FF300C070E5 /* Welcome.storyboard in Resources */ = {isa = PBXBuildFile; fileRef = B6FD86AA230D4FF300C070E5 /* Welcome.storyboard */; };
		B6FD86AD230D739700C070E5 /* PairsTableViewCell.swift in Sources */ = {isa = PBXBuildFile; fileRef = B6FD86AC230D739700C070E5 /* PairsTableViewCell.swift */; };
/* End PBXBuildFile section */

/* Begin PBXContainerItemProxy section */
		B6E489A02301623A00A0BC6F /* PBXContainerItemProxy */ = {
			isa = PBXContainerItemProxy;
			containerPortal = B6E489832301623900A0BC6F /* Project object */;
			proxyType = 1;
			remoteGlobalIDString = B6E4898A2301623900A0BC6F;
			remoteInfo = TwoInOne;
		};
		B6E489AB2301623A00A0BC6F /* PBXContainerItemProxy */ = {
			isa = PBXContainerItemProxy;
			containerPortal = B6E489832301623900A0BC6F /* Project object */;
			proxyType = 1;
			remoteGlobalIDString = B6E4898A2301623900A0BC6F;
			remoteInfo = TwoInOne;
		};
/* End PBXContainerItemProxy section */

/* Begin PBXFileReference section */
		B62E9028230E9536006721E6 /* UIColor.swift */ = {isa = PBXFileReference; lastKnownFileType = sourcecode.swift; path = UIColor.swift; sourceTree = "<group>"; };
		B62E902C230F46D2006721E6 /* PairCollapser.swift */ = {isa = PBXFileReference; lastKnownFileType = sourcecode.swift; path = PairCollapser.swift; sourceTree = "<group>"; };
		B69FC9172303F34900531350 /* RecordsViewController.swift */ = {isa = PBXFileReference; lastKnownFileType = sourcecode.swift; path = RecordsViewController.swift; sourceTree = "<group>"; };
		B69FC9192303F36B00531350 /* Records.storyboard */ = {isa = PBXFileReference; lastKnownFileType = file.storyboard; path = Records.storyboard; sourceTree = "<group>"; };
		B69FC91B23040ABE00531350 /* RecordTableViewCell.swift */ = {isa = PBXFileReference; lastKnownFileType = sourcecode.swift; path = RecordTableViewCell.swift; sourceTree = "<group>"; };
		B69FC91F230427C600531350 /* Record.swift */ = {isa = PBXFileReference; lastKnownFileType = sourcecode.swift; path = Record.swift; sourceTree = "<group>"; };
		B69FC9212304300D00531350 /* RecordSaver.swift */ = {isa = PBXFileReference; lastKnownFileType = sourcecode.swift; path = RecordSaver.swift; sourceTree = "<group>"; };
		B6E4898B2301623900A0BC6F /* TwoInOne.app */ = {isa = PBXFileReference; explicitFileType = wrapper.application; includeInIndex = 0; path = TwoInOne.app; sourceTree = BUILT_PRODUCTS_DIR; };
		B6E4898E2301623900A0BC6F /* AppDelegate.swift */ = {isa = PBXFileReference; lastKnownFileType = sourcecode.swift; path = AppDelegate.swift; sourceTree = "<group>"; };
		B6E489932301623900A0BC6F /* Base */ = {isa = PBXFileReference; lastKnownFileType = file.storyboard; name = Base; path = Base.lproj/Main.storyboard; sourceTree = "<group>"; };
		B6E489952301623A00A0BC6F /* Assets.xcassets */ = {isa = PBXFileReference; lastKnownFileType = folder.assetcatalog; path = Assets.xcassets; sourceTree = "<group>"; };
		B6E489982301623A00A0BC6F /* Base */ = {isa = PBXFileReference; lastKnownFileType = file.storyboard; name = Base; path = Base.lproj/LaunchScreen.storyboard; sourceTree = "<group>"; };
		B6E4899A2301623A00A0BC6F /* Info.plist */ = {isa = PBXFileReference; lastKnownFileType = text.plist.xml; path = Info.plist; sourceTree = "<group>"; };
		B6E4899F2301623A00A0BC6F /* TwoInOneTests.xctest */ = {isa = PBXFileReference; explicitFileType = wrapper.cfbundle; includeInIndex = 0; path = TwoInOneTests.xctest; sourceTree = BUILT_PRODUCTS_DIR; };
		B6E489A32301623A00A0BC6F /* TwoInOneTests.swift */ = {isa = PBXFileReference; lastKnownFileType = sourcecode.swift; path = TwoInOneTests.swift; sourceTree = "<group>"; };
		B6E489A52301623A00A0BC6F /* Info.plist */ = {isa = PBXFileReference; lastKnownFileType = text.plist.xml; path = Info.plist; sourceTree = "<group>"; };
		B6E489AA2301623A00A0BC6F /* TwoInOneUITests.xctest */ = {isa = PBXFileReference; explicitFileType = wrapper.cfbundle; includeInIndex = 0; path = TwoInOneUITests.xctest; sourceTree = BUILT_PRODUCTS_DIR; };
		B6E489AE2301623A00A0BC6F /* TwoInOneUITests.swift */ = {isa = PBXFileReference; lastKnownFileType = sourcecode.swift; path = TwoInOneUITests.swift; sourceTree = "<group>"; };
		B6E489B02301623A00A0BC6F /* Info.plist */ = {isa = PBXFileReference; lastKnownFileType = text.plist.xml; path = Info.plist; sourceTree = "<group>"; };
		B6E489BC2301668600A0BC6F /* GuessingGameViewController.swift */ = {isa = PBXFileReference; lastKnownFileType = sourcecode.swift; path = GuessingGameViewController.swift; sourceTree = "<group>"; };
		B6E489BE2301972D00A0BC6F /* GuessingGameTwoViewController.swift */ = {isa = PBXFileReference; lastKnownFileType = sourcecode.swift; path = GuessingGameTwoViewController.swift; sourceTree = "<group>"; };
		B6FD868E230580FF00C070E5 /* MasterController.swift */ = {isa = PBXFileReference; lastKnownFileType = sourcecode.swift; path = MasterController.swift; sourceTree = "<group>"; };
		B6FD869023093F6E00C070E5 /* MenuTableViewCell.swift */ = {isa = PBXFileReference; lastKnownFileType = sourcecode.swift; path = MenuTableViewCell.swift; sourceTree = "<group>"; };
		B6FD8693230A9DB100C070E5 /* PairsViewController.swift */ = {isa = PBXFileReference; lastKnownFileType = sourcecode.swift; path = PairsViewController.swift; sourceTree = "<group>"; };
		B6FD8695230A9DC700C070E5 /* Pairs Game.storyboard */ = {isa = PBXFileReference; lastKnownFileType = file.storyboard; path = "Pairs Game.storyboard"; sourceTree = "<group>"; };
		B6FD8698230AA7AC00C070E5 /* MenuItem.swift */ = {isa = PBXFileReference; lastKnownFileType = sourcecode.swift; path = MenuItem.swift; sourceTree = "<group>"; };
		B6FD869A230AB5BC00C070E5 /* Guessing Game.storyboard */ = {isa = PBXFileReference; lastKnownFileType = file.storyboard; path = "Guessing Game.storyboard"; sourceTree = "<group>"; };
		B6FD869C230AB79C00C070E5 /* Guessing Game Two.storyboard */ = {isa = PBXFileReference; lastKnownFileType = file.storyboard; path = "Guessing Game Two.storyboard"; sourceTree = "<group>"; };
		B6FD869E230B480F00C070E5 /* PairCollectionViewCell.swift */ = {isa = PBXFileReference; lastKnownFileType = sourcecode.swift; path = PairCollectionViewCell.swift; sourceTree = "<group>"; };
		B6FD86A0230B496700C070E5 /* Pair.swift */ = {isa = PBXFileReference; lastKnownFileType = sourcecode.swift; path = Pair.swift; sourceTree = "<group>"; };
		B6FD86A3230BD4E300C070E5 /* Array.swift */ = {isa = PBXFileReference; lastKnownFileType = sourcecode.swift; path = Array.swift; sourceTree = "<group>"; };
		B6FD86A8230D4FB300C070E5 /* WelcomeViewController.swift */ = {isa = PBXFileReference; lastKnownFileType = sourcecode.swift; path = WelcomeViewController.swift; sourceTree = "<group>"; };
		B6FD86AA230D4FF300C070E5 /* Welcome.storyboard */ = {isa = PBXFileReference; lastKnownFileType = file.storyboard; path = Welcome.storyboard; sourceTree = "<group>"; };
		B6FD86AC230D739700C070E5 /* PairsTableViewCell.swift */ = {isa = PBXFileReference; lastKnownFileType = sourcecode.swift; path = PairsTableViewCell.swift; sourceTree = "<group>"; };
/* End PBXFileReference section */

/* Begin PBXFrameworksBuildPhase section */
		B6E489882301623900A0BC6F /* Frameworks */ = {
			isa = PBXFrameworksBuildPhase;
			buildActionMask = 2147483647;
			files = (
			);
			runOnlyForDeploymentPostprocessing = 0;
		};
		B6E4899C2301623A00A0BC6F /* Frameworks */ = {
			isa = PBXFrameworksBuildPhase;
			buildActionMask = 2147483647;
			files = (
			);
			runOnlyForDeploymentPostprocessing = 0;
		};
		B6E489A72301623A00A0BC6F /* Frameworks */ = {
			isa = PBXFrameworksBuildPhase;
			buildActionMask = 2147483647;
			files = (
			);
			runOnlyForDeploymentPostprocessing = 0;
		};
/* End PBXFrameworksBuildPhase section */

/* Begin PBXGroup section */
		B69FC9132303F2E700531350 /* Guessing Game Two */ = {
			isa = PBXGroup;
			children = (
				B6E489BE2301972D00A0BC6F /* GuessingGameTwoViewController.swift */,
				B6FD869C230AB79C00C070E5 /* Guessing Game Two.storyboard */,
			);
			path = "Guessing Game Two";
			sourceTree = "<group>";
		};
		B69FC9152303F30A00531350 /* Guessing Game */ = {
			isa = PBXGroup;
			children = (
				B6E489BC2301668600A0BC6F /* GuessingGameViewController.swift */,
				B6FD869A230AB5BC00C070E5 /* Guessing Game.storyboard */,
			);
			path = "Guessing Game";
			sourceTree = "<group>";
		};
		B69FC9162303F32500531350 /* Records */ = {
			isa = PBXGroup;
			children = (
				B69FC9172303F34900531350 /* RecordsViewController.swift */,
				B69FC9212304300D00531350 /* RecordSaver.swift */,
				B69FC91F230427C600531350 /* Record.swift */,
				B69FC91B23040ABE00531350 /* RecordTableViewCell.swift */,
				B69FC9192303F36B00531350 /* Records.storyboard */,
			);
			path = Records;
			sourceTree = "<group>";
		};
		B6E489822301623900A0BC6F = {
			isa = PBXGroup;
			children = (
				B6E4898D2301623900A0BC6F /* TwoInOne */,
				B6E489A22301623A00A0BC6F /* TwoInOneTests */,
				B6E489AD2301623A00A0BC6F /* TwoInOneUITests */,
				B6E4898C2301623900A0BC6F /* Products */,
			);
			sourceTree = "<group>";
		};
		B6E4898C2301623900A0BC6F /* Products */ = {
			isa = PBXGroup;
			children = (
				B6E4898B2301623900A0BC6F /* TwoInOne.app */,
				B6E4899F2301623A00A0BC6F /* TwoInOneTests.xctest */,
				B6E489AA2301623A00A0BC6F /* TwoInOneUITests.xctest */,
			);
			name = Products;
			sourceTree = "<group>";
		};
		B6E4898D2301623900A0BC6F /* TwoInOne */ = {
			isa = PBXGroup;
			children = (
				B6FD86A7230D4F9500C070E5 /* Welcome */,
				B6FD86A2230BD4C500C070E5 /* Extensions */,
				B6FD8697230AA78E00C070E5 /* Menu */,
				B6FD8692230A9D6600C070E5 /* Pairs Game */,
				B69FC9162303F32500531350 /* Records */,
				B6E4898E2301623900A0BC6F /* AppDelegate.swift */,
				B69FC9152303F30A00531350 /* Guessing Game */,
				B69FC9132303F2E700531350 /* Guessing Game Two */,
				B6E489922301623900A0BC6F /* Main.storyboard */,
				B6FD868E230580FF00C070E5 /* MasterController.swift */,
				B6E489952301623A00A0BC6F /* Assets.xcassets */,
				B6E489972301623A00A0BC6F /* LaunchScreen.storyboard */,
				B6E4899A2301623A00A0BC6F /* Info.plist */,
			);
			path = TwoInOne;
			sourceTree = "<group>";
		};
		B6E489A22301623A00A0BC6F /* TwoInOneTests */ = {
			isa = PBXGroup;
			children = (
				B6E489A32301623A00A0BC6F /* TwoInOneTests.swift */,
				B6E489A52301623A00A0BC6F /* Info.plist */,
			);
			path = TwoInOneTests;
			sourceTree = "<group>";
		};
		B6E489AD2301623A00A0BC6F /* TwoInOneUITests */ = {
			isa = PBXGroup;
			children = (
				B6E489AE2301623A00A0BC6F /* TwoInOneUITests.swift */,
				B6E489B02301623A00A0BC6F /* Info.plist */,
			);
			path = TwoInOneUITests;
			sourceTree = "<group>";
		};
		B6FD8692230A9D6600C070E5 /* Pairs Game */ = {
			isa = PBXGroup;
			children = (
				B6FD8693230A9DB100C070E5 /* PairsViewController.swift */,
				B6FD86AC230D739700C070E5 /* PairsTableViewCell.swift */,
				B6FD86A0230B496700C070E5 /* Pair.swift */,
				B62E902C230F46D2006721E6 /* PairCollapser.swift */,
				B6FD8695230A9DC700C070E5 /* Pairs Game.storyboard */,
				B6FD869E230B480F00C070E5 /* PairCollectionViewCell.swift */,
			);
			path = "Pairs Game";
			sourceTree = "<group>";
		};
		B6FD8697230AA78E00C070E5 /* Menu */ = {
			isa = PBXGroup;
			children = (
				B6FD869023093F6E00C070E5 /* MenuTableViewCell.swift */,
				B6FD8698230AA7AC00C070E5 /* MenuItem.swift */,
			);
			path = Menu;
			sourceTree = "<group>";
		};
		B6FD86A2230BD4C500C070E5 /* Extensions */ = {
			isa = PBXGroup;
			children = (
				B6FD86A3230BD4E300C070E5 /* Array.swift */,
				B62E9028230E9536006721E6 /* UIColor.swift */,
			);
			path = Extensions;
			sourceTree = "<group>";
		};
		B6FD86A7230D4F9500C070E5 /* Welcome */ = {
			isa = PBXGroup;
			children = (
				B6FD86A8230D4FB300C070E5 /* WelcomeViewController.swift */,
				B6FD86AA230D4FF300C070E5 /* Welcome.storyboard */,
			);
			path = Welcome;
			sourceTree = "<group>";
		};
/* End PBXGroup section */

/* Begin PBXNativeTarget section */
		B6E4898A2301623900A0BC6F /* TwoInOne */ = {
			isa = PBXNativeTarget;
			buildConfigurationList = B6E489B32301623A00A0BC6F /* Build configuration list for PBXNativeTarget "TwoInOne" */;
			buildPhases = (
				B6E489872301623900A0BC6F /* Sources */,
				B6E489882301623900A0BC6F /* Frameworks */,
				B6E489892301623900A0BC6F /* Resources */,
			);
			buildRules = (
			);
			dependencies = (
			);
			name = TwoInOne;
			productName = TwoInOne;
			productReference = B6E4898B2301623900A0BC6F /* TwoInOne.app */;
			productType = "com.apple.product-type.application";
		};
		B6E4899E2301623A00A0BC6F /* TwoInOneTests */ = {
			isa = PBXNativeTarget;
			buildConfigurationList = B6E489B62301623A00A0BC6F /* Build configuration list for PBXNativeTarget "TwoInOneTests" */;
			buildPhases = (
				B6E4899B2301623A00A0BC6F /* Sources */,
				B6E4899C2301623A00A0BC6F /* Frameworks */,
				B6E4899D2301623A00A0BC6F /* Resources */,
			);
			buildRules = (
			);
			dependencies = (
				B6E489A12301623A00A0BC6F /* PBXTargetDependency */,
			);
			name = TwoInOneTests;
			productName = TwoInOneTests;
			productReference = B6E4899F2301623A00A0BC6F /* TwoInOneTests.xctest */;
			productType = "com.apple.product-type.bundle.unit-test";
		};
		B6E489A92301623A00A0BC6F /* TwoInOneUITests */ = {
			isa = PBXNativeTarget;
			buildConfigurationList = B6E489B92301623A00A0BC6F /* Build configuration list for PBXNativeTarget "TwoInOneUITests" */;
			buildPhases = (
				B6E489A62301623A00A0BC6F /* Sources */,
				B6E489A72301623A00A0BC6F /* Frameworks */,
				B6E489A82301623A00A0BC6F /* Resources */,
			);
			buildRules = (
			);
			dependencies = (
				B6E489AC2301623A00A0BC6F /* PBXTargetDependency */,
			);
			name = TwoInOneUITests;
			productName = TwoInOneUITests;
			productReference = B6E489AA2301623A00A0BC6F /* TwoInOneUITests.xctest */;
			productType = "com.apple.product-type.bundle.ui-testing";
		};
/* End PBXNativeTarget section */

/* Begin PBXProject section */
		B6E489832301623900A0BC6F /* Project object */ = {
			isa = PBXProject;
			attributes = {
				LastSwiftUpdateCheck = 1030;
				LastUpgradeCheck = 1030;
				ORGANIZATIONNAME = "Vladislav Petrov";
				TargetAttributes = {
					B6E4898A2301623900A0BC6F = {
						CreatedOnToolsVersion = 10.3;
					};
					B6E4899E2301623A00A0BC6F = {
						CreatedOnToolsVersion = 10.3;
						TestTargetID = B6E4898A2301623900A0BC6F;
					};
					B6E489A92301623A00A0BC6F = {
						CreatedOnToolsVersion = 10.3;
						TestTargetID = B6E4898A2301623900A0BC6F;
					};
				};
			};
			buildConfigurationList = B6E489862301623900A0BC6F /* Build configuration list for PBXProject "TwoInOne" */;
			compatibilityVersion = "Xcode 9.3";
			developmentRegion = en;
			hasScannedForEncodings = 0;
			knownRegions = (
				en,
				Base,
			);
			mainGroup = B6E489822301623900A0BC6F;
			productRefGroup = B6E4898C2301623900A0BC6F /* Products */;
			projectDirPath = "";
			projectRoot = "";
			targets = (
				B6E4898A2301623900A0BC6F /* TwoInOne */,
				B6E4899E2301623A00A0BC6F /* TwoInOneTests */,
				B6E489A92301623A00A0BC6F /* TwoInOneUITests */,
			);
		};
/* End PBXProject section */

/* Begin PBXResourcesBuildPhase section */
		B6E489892301623900A0BC6F /* Resources */ = {
			isa = PBXResourcesBuildPhase;
			buildActionMask = 2147483647;
			files = (
				B69FC91A2303F36B00531350 /* Records.storyboard in Resources */,
				B6E489992301623A00A0BC6F /* LaunchScreen.storyboard in Resources */,
				B6FD8696230A9DC700C070E5 /* Pairs Game.storyboard in Resources */,
				B6FD869B230AB5BC00C070E5 /* Guessing Game.storyboard in Resources */,
				B6FD869D230AB79C00C070E5 /* Guessing Game Two.storyboard in Resources */,
				B6FD86AB230D4FF300C070E5 /* Welcome.storyboard in Resources */,
				B6E489962301623A00A0BC6F /* Assets.xcassets in Resources */,
				B6E489942301623900A0BC6F /* Main.storyboard in Resources */,
			);
			runOnlyForDeploymentPostprocessing = 0;
		};
		B6E4899D2301623A00A0BC6F /* Resources */ = {
			isa = PBXResourcesBuildPhase;
			buildActionMask = 2147483647;
			files = (
			);
			runOnlyForDeploymentPostprocessing = 0;
		};
		B6E489A82301623A00A0BC6F /* Resources */ = {
			isa = PBXResourcesBuildPhase;
			buildActionMask = 2147483647;
			files = (
			);
			runOnlyForDeploymentPostprocessing = 0;
		};
/* End PBXResourcesBuildPhase section */

/* Begin PBXSourcesBuildPhase section */
		B6E489872301623900A0BC6F /* Sources */ = {
			isa = PBXSourcesBuildPhase;
			buildActionMask = 2147483647;
			files = (
				B6FD86AD230D739700C070E5 /* PairsTableViewCell.swift in Sources */,
				B6FD86A9230D4FB300C070E5 /* WelcomeViewController.swift in Sources */,
				B6FD869F230B480F00C070E5 /* PairCollectionViewCell.swift in Sources */,
				B6E4898F2301623900A0BC6F /* AppDelegate.swift in Sources */,
				B69FC91C23040ABE00531350 /* RecordTableViewCell.swift in Sources */,
				B6FD86A1230B496700C070E5 /* Pair.swift in Sources */,
				B6E489C02301972D00A0BC6F /* GuessingGameTwoViewController.swift in Sources */,
				B62E902D230F46D2006721E6 /* PairCollapser.swift in Sources */,
				B6FD868F230580FF00C070E5 /* MasterController.swift in Sources */,
				B69FC9222304300D00531350 /* RecordSaver.swift in Sources */,
				B6FD869123093F6E00C070E5 /* MenuTableViewCell.swift in Sources */,
				B6FD8694230A9DB100C070E5 /* PairsViewController.swift in Sources */,
				B69FC920230427C600531350 /* Record.swift in Sources */,
				B62E9029230E9536006721E6 /* UIColor.swift in Sources */,
				B6FD8699230AA7AC00C070E5 /* MenuItem.swift in Sources */,
				B6FD86A4230BD4E300C070E5 /* Array.swift in Sources */,
				B6E489BD2301668600A0BC6F /* GuessingGameViewController.swift in Sources */,
				B69FC9182303F34900531350 /* RecordsViewController.swift in Sources */,
			);
			runOnlyForDeploymentPostprocessing = 0;
		};
		B6E4899B2301623A00A0BC6F /* Sources */ = {
			isa = PBXSourcesBuildPhase;
			buildActionMask = 2147483647;
			files = (
				B6E489A42301623A00A0BC6F /* TwoInOneTests.swift in Sources */,
			);
			runOnlyForDeploymentPostprocessing = 0;
		};
		B6E489A62301623A00A0BC6F /* Sources */ = {
			isa = PBXSourcesBuildPhase;
			buildActionMask = 2147483647;
			files = (
				B6E489AF2301623A00A0BC6F /* TwoInOneUITests.swift in Sources */,
			);
			runOnlyForDeploymentPostprocessing = 0;
		};
/* End PBXSourcesBuildPhase section */

/* Begin PBXTargetDependency section */
		B6E489A12301623A00A0BC6F /* PBXTargetDependency */ = {
			isa = PBXTargetDependency;
			target = B6E4898A2301623900A0BC6F /* TwoInOne */;
			targetProxy = B6E489A02301623A00A0BC6F /* PBXContainerItemProxy */;
		};
		B6E489AC2301623A00A0BC6F /* PBXTargetDependency */ = {
			isa = PBXTargetDependency;
			target = B6E4898A2301623900A0BC6F /* TwoInOne */;
			targetProxy = B6E489AB2301623A00A0BC6F /* PBXContainerItemProxy */;
		};
/* End PBXTargetDependency section */

/* Begin PBXVariantGroup section */
		B6E489922301623900A0BC6F /* Main.storyboard */ = {
			isa = PBXVariantGroup;
			children = (
				B6E489932301623900A0BC6F /* Base */,
			);
			name = Main.storyboard;
			sourceTree = "<group>";
		};
		B6E489972301623A00A0BC6F /* LaunchScreen.storyboard */ = {
			isa = PBXVariantGroup;
			children = (
				B6E489982301623A00A0BC6F /* Base */,
			);
			name = LaunchScreen.storyboard;
			sourceTree = "<group>";
		};
/* End PBXVariantGroup section */

/* Begin XCBuildConfiguration section */
		B6E489B12301623A00A0BC6F /* Debug */ = {
			isa = XCBuildConfiguration;
			buildSettings = {
				ALWAYS_SEARCH_USER_PATHS = NO;
				CLANG_ANALYZER_NONNULL = YES;
				CLANG_ANALYZER_NUMBER_OBJECT_CONVERSION = YES_AGGRESSIVE;
				CLANG_CXX_LANGUAGE_STANDARD = "gnu++14";
				CLANG_CXX_LIBRARY = "libc++";
				CLANG_ENABLE_MODULES = YES;
				CLANG_ENABLE_OBJC_ARC = YES;
				CLANG_ENABLE_OBJC_WEAK = YES;
				CLANG_WARN_BLOCK_CAPTURE_AUTORELEASING = YES;
				CLANG_WARN_BOOL_CONVERSION = YES;
				CLANG_WARN_COMMA = YES;
				CLANG_WARN_CONSTANT_CONVERSION = YES;
				CLANG_WARN_DEPRECATED_OBJC_IMPLEMENTATIONS = YES;
				CLANG_WARN_DIRECT_OBJC_ISA_USAGE = YES_ERROR;
				CLANG_WARN_DOCUMENTATION_COMMENTS = YES;
				CLANG_WARN_EMPTY_BODY = YES;
				CLANG_WARN_ENUM_CONVERSION = YES;
				CLANG_WARN_INFINITE_RECURSION = YES;
				CLANG_WARN_INT_CONVERSION = YES;
				CLANG_WARN_NON_LITERAL_NULL_CONVERSION = YES;
				CLANG_WARN_OBJC_IMPLICIT_RETAIN_SELF = YES;
				CLANG_WARN_OBJC_LITERAL_CONVERSION = YES;
				CLANG_WARN_OBJC_ROOT_CLASS = YES_ERROR;
				CLANG_WARN_RANGE_LOOP_ANALYSIS = YES;
				CLANG_WARN_STRICT_PROTOTYPES = YES;
				CLANG_WARN_SUSPICIOUS_MOVE = YES;
				CLANG_WARN_UNGUARDED_AVAILABILITY = YES_AGGRESSIVE;
				CLANG_WARN_UNREACHABLE_CODE = YES;
				CLANG_WARN__DUPLICATE_METHOD_MATCH = YES;
				CODE_SIGN_IDENTITY = "iPhone Developer";
				COPY_PHASE_STRIP = NO;
				DEBUG_INFORMATION_FORMAT = dwarf;
				ENABLE_STRICT_OBJC_MSGSEND = YES;
				ENABLE_TESTABILITY = YES;
				GCC_C_LANGUAGE_STANDARD = gnu11;
				GCC_DYNAMIC_NO_PIC = NO;
				GCC_NO_COMMON_BLOCKS = YES;
				GCC_OPTIMIZATION_LEVEL = 0;
				GCC_PREPROCESSOR_DEFINITIONS = (
					"DEBUG=1",
					"$(inherited)",
				);
				GCC_WARN_64_TO_32_BIT_CONVERSION = YES;
				GCC_WARN_ABOUT_RETURN_TYPE = YES_ERROR;
				GCC_WARN_UNDECLARED_SELECTOR = YES;
				GCC_WARN_UNINITIALIZED_AUTOS = YES_AGGRESSIVE;
				GCC_WARN_UNUSED_FUNCTION = YES;
				GCC_WARN_UNUSED_VARIABLE = YES;
				IPHONEOS_DEPLOYMENT_TARGET = 12.4;
				MTL_ENABLE_DEBUG_INFO = INCLUDE_SOURCE;
				MTL_FAST_MATH = YES;
				ONLY_ACTIVE_ARCH = YES;
				SDKROOT = iphoneos;
				SWIFT_ACTIVE_COMPILATION_CONDITIONS = DEBUG;
				SWIFT_OPTIMIZATION_LEVEL = "-Onone";
			};
			name = Debug;
		};
		B6E489B22301623A00A0BC6F /* Release */ = {
			isa = XCBuildConfiguration;
			buildSettings = {
				ALWAYS_SEARCH_USER_PATHS = NO;
				CLANG_ANALYZER_NONNULL = YES;
				CLANG_ANALYZER_NUMBER_OBJECT_CONVERSION = YES_AGGRESSIVE;
				CLANG_CXX_LANGUAGE_STANDARD = "gnu++14";
				CLANG_CXX_LIBRARY = "libc++";
				CLANG_ENABLE_MODULES = YES;
				CLANG_ENABLE_OBJC_ARC = YES;
				CLANG_ENABLE_OBJC_WEAK = YES;
				CLANG_WARN_BLOCK_CAPTURE_AUTORELEASING = YES;
				CLANG_WARN_BOOL_CONVERSION = YES;
				CLANG_WARN_COMMA = YES;
				CLANG_WARN_CONSTANT_CONVERSION = YES;
				CLANG_WARN_DEPRECATED_OBJC_IMPLEMENTATIONS = YES;
				CLANG_WARN_DIRECT_OBJC_ISA_USAGE = YES_ERROR;
				CLANG_WARN_DOCUMENTATION_COMMENTS = YES;
				CLANG_WARN_EMPTY_BODY = YES;
				CLANG_WARN_ENUM_CONVERSION = YES;
				CLANG_WARN_INFINITE_RECURSION = YES;
				CLANG_WARN_INT_CONVERSION = YES;
				CLANG_WARN_NON_LITERAL_NULL_CONVERSION = YES;
				CLANG_WARN_OBJC_IMPLICIT_RETAIN_SELF = YES;
				CLANG_WARN_OBJC_LITERAL_CONVERSION = YES;
				CLANG_WARN_OBJC_ROOT_CLASS = YES_ERROR;
				CLANG_WARN_RANGE_LOOP_ANALYSIS = YES;
				CLANG_WARN_STRICT_PROTOTYPES = YES;
				CLANG_WARN_SUSPICIOUS_MOVE = YES;
				CLANG_WARN_UNGUARDED_AVAILABILITY = YES_AGGRESSIVE;
				CLANG_WARN_UNREACHABLE_CODE = YES;
				CLANG_WARN__DUPLICATE_METHOD_MATCH = YES;
				CODE_SIGN_IDENTITY = "iPhone Developer";
				COPY_PHASE_STRIP = NO;
				DEBUG_INFORMATION_FORMAT = "dwarf-with-dsym";
				ENABLE_NS_ASSERTIONS = NO;
				ENABLE_STRICT_OBJC_MSGSEND = YES;
				GCC_C_LANGUAGE_STANDARD = gnu11;
				GCC_NO_COMMON_BLOCKS = YES;
				GCC_WARN_64_TO_32_BIT_CONVERSION = YES;
				GCC_WARN_ABOUT_RETURN_TYPE = YES_ERROR;
				GCC_WARN_UNDECLARED_SELECTOR = YES;
				GCC_WARN_UNINITIALIZED_AUTOS = YES_AGGRESSIVE;
				GCC_WARN_UNUSED_FUNCTION = YES;
				GCC_WARN_UNUSED_VARIABLE = YES;
				IPHONEOS_DEPLOYMENT_TARGET = 12.4;
				MTL_ENABLE_DEBUG_INFO = NO;
				MTL_FAST_MATH = YES;
				SDKROOT = iphoneos;
				SWIFT_COMPILATION_MODE = wholemodule;
				SWIFT_OPTIMIZATION_LEVEL = "-O";
				VALIDATE_PRODUCT = YES;
			};
			name = Release;
		};
		B6E489B42301623A00A0BC6F /* Debug */ = {
			isa = XCBuildConfiguration;
			buildSettings = {
				ASSETCATALOG_COMPILER_APPICON_NAME = AppIcon;
				CODE_SIGN_STYLE = Automatic;
				DEVELOPMENT_TEAM = XAZ245NZ54;
				INFOPLIST_FILE = TwoInOne/Info.plist;
				LD_RUNPATH_SEARCH_PATHS = (
					"$(inherited)",
					"@executable_path/Frameworks",
				);
				PRODUCT_BUNDLE_IDENTIFIER = Home.TwoInOne;
				PRODUCT_NAME = "$(TARGET_NAME)";
				SWIFT_VERSION = 5.0;
				TARGETED_DEVICE_FAMILY = "1,2";
			};
			name = Debug;
		};
		B6E489B52301623A00A0BC6F /* Release */ = {
			isa = XCBuildConfiguration;
			buildSettings = {
				ASSETCATALOG_COMPILER_APPICON_NAME = AppIcon;
				CODE_SIGN_STYLE = Automatic;
				DEVELOPMENT_TEAM = XAZ245NZ54;
				INFOPLIST_FILE = TwoInOne/Info.plist;
				LD_RUNPATH_SEARCH_PATHS = (
					"$(inherited)",
					"@executable_path/Frameworks",
				);
				PRODUCT_BUNDLE_IDENTIFIER = Home.TwoInOne;
				PRODUCT_NAME = "$(TARGET_NAME)";
				SWIFT_VERSION = 5.0;
				TARGETED_DEVICE_FAMILY = "1,2";
			};
			name = Release;
		};
		B6E489B72301623A00A0BC6F /* Debug */ = {
			isa = XCBuildConfiguration;
			buildSettings = {
				ALWAYS_EMBED_SWIFT_STANDARD_LIBRARIES = YES;
				BUNDLE_LOADER = "$(TEST_HOST)";
				CODE_SIGN_STYLE = Automatic;
				INFOPLIST_FILE = TwoInOneTests/Info.plist;
				LD_RUNPATH_SEARCH_PATHS = (
					"$(inherited)",
					"@executable_path/Frameworks",
					"@loader_path/Frameworks",
				);
				PRODUCT_BUNDLE_IDENTIFIER = Home.TwoInOneTests;
				PRODUCT_NAME = "$(TARGET_NAME)";
				SWIFT_VERSION = 5.0;
				TARGETED_DEVICE_FAMILY = "1,2";
				TEST_HOST = "$(BUILT_PRODUCTS_DIR)/TwoInOne.app/TwoInOne";
			};
			name = Debug;
		};
		B6E489B82301623A00A0BC6F /* Release */ = {
			isa = XCBuildConfiguration;
			buildSettings = {
				ALWAYS_EMBED_SWIFT_STANDARD_LIBRARIES = YES;
				BUNDLE_LOADER = "$(TEST_HOST)";
				CODE_SIGN_STYLE = Automatic;
				INFOPLIST_FILE = TwoInOneTests/Info.plist;
				LD_RUNPATH_SEARCH_PATHS = (
					"$(inherited)",
					"@executable_path/Frameworks",
					"@loader_path/Frameworks",
				);
				PRODUCT_BUNDLE_IDENTIFIER = Home.TwoInOneTests;
				PRODUCT_NAME = "$(TARGET_NAME)";
				SWIFT_VERSION = 5.0;
				TARGETED_DEVICE_FAMILY = "1,2";
				TEST_HOST = "$(BUILT_PRODUCTS_DIR)/TwoInOne.app/TwoInOne";
			};
			name = Release;
		};
		B6E489BA2301623A00A0BC6F /* Debug */ = {
			isa = XCBuildConfiguration;
			buildSettings = {
				ALWAYS_EMBED_SWIFT_STANDARD_LIBRARIES = YES;
				CODE_SIGN_STYLE = Automatic;
				INFOPLIST_FILE = TwoInOneUITests/Info.plist;
				LD_RUNPATH_SEARCH_PATHS = (
					"$(inherited)",
					"@executable_path/Frameworks",
					"@loader_path/Frameworks",
				);
				PRODUCT_BUNDLE_IDENTIFIER = Home.TwoInOneUITests;
				PRODUCT_NAME = "$(TARGET_NAME)";
				SWIFT_VERSION = 5.0;
				TARGETED_DEVICE_FAMILY = "1,2";
				TEST_TARGET_NAME = TwoInOne;
			};
			name = Debug;
		};
		B6E489BB2301623A00A0BC6F /* Release */ = {
			isa = XCBuildConfiguration;
			buildSettings = {
				ALWAYS_EMBED_SWIFT_STANDARD_LIBRARIES = YES;
				CODE_SIGN_STYLE = Automatic;
				INFOPLIST_FILE = TwoInOneUITests/Info.plist;
				LD_RUNPATH_SEARCH_PATHS = (
					"$(inherited)",
					"@executable_path/Frameworks",
					"@loader_path/Frameworks",
				);
				PRODUCT_BUNDLE_IDENTIFIER = Home.TwoInOneUITests;
				PRODUCT_NAME = "$(TARGET_NAME)";
				SWIFT_VERSION = 5.0;
				TARGETED_DEVICE_FAMILY = "1,2";
				TEST_TARGET_NAME = TwoInOne;
			};
			name = Release;
		};
/* End XCBuildConfiguration section */

/* Begin XCConfigurationList section */
		B6E489862301623900A0BC6F /* Build configuration list for PBXProject "TwoInOne" */ = {
			isa = XCConfigurationList;
			buildConfigurations = (
				B6E489B12301623A00A0BC6F /* Debug */,
				B6E489B22301623A00A0BC6F /* Release */,
			);
			defaultConfigurationIsVisible = 0;
			defaultConfigurationName = Release;
		};
		B6E489B32301623A00A0BC6F /* Build configuration list for PBXNativeTarget "TwoInOne" */ = {
			isa = XCConfigurationList;
			buildConfigurations = (
				B6E489B42301623A00A0BC6F /* Debug */,
				B6E489B52301623A00A0BC6F /* Release */,
			);
			defaultConfigurationIsVisible = 0;
			defaultConfigurationName = Release;
		};
		B6E489B62301623A00A0BC6F /* Build configuration list for PBXNativeTarget "TwoInOneTests" */ = {
			isa = XCConfigurationList;
			buildConfigurations = (
				B6E489B72301623A00A0BC6F /* Debug */,
				B6E489B82301623A00A0BC6F /* Release */,
			);
			defaultConfigurationIsVisible = 0;
			defaultConfigurationName = Release;
		};
		B6E489B92301623A00A0BC6F /* Build configuration list for PBXNativeTarget "TwoInOneUITests" */ = {
			isa = XCConfigurationList;
			buildConfigurations = (
				B6E489BA2301623A00A0BC6F /* Debug */,
				B6E489BB2301623A00A0BC6F /* Release */,
			);
			defaultConfigurationIsVisible = 0;
			defaultConfigurationName = Release;
		};
/* End XCConfigurationList section */
	};
	rootObject = B6E489832301623900A0BC6F /* Project object */;
}
